
Microsoft Visual Studio Solution File, Format Version 12.00
# Visual Studio Version 17
VisualStudioVersion = 17.9.34728.123
MinimumVisualStudioVersion = 10.0.40219.1
Project("{8BC9CEB8-8B4A-11D0-8D11-00A0C91BC942}") = "calculator", "calculator\calculator.vcxproj", "{8E36CCA3-AD37-494E-BE6B-8E31FDE2FB81}"
EndProject
Global
	GlobalSection(SolutionConfigurationPlatforms) = preSolution
		Debug|x64 = Debug|x64
		Debug|x86 = Debug|x86
		Release|x64 = Release|x64
		Release|x86 = Release|x86
	EndGlobalSection
	GlobalSection(ProjectConfigurationPlatforms) = postSolution
		{8E36CCA3-AD37-494E-BE6B-8E31FDE2FB81}.Debug|x64.ActiveCfg = Debug|x64
		{8E36CCA3-AD37-494E-BE6B-8E31FDE2FB81}.Debug|x64.Build.0 = Debug|x64
		{8E36CCA3-AD37-494E-BE6B-8E31FDE2FB81}.Debug|x86.ActiveCfg = Debug|Win32
		{8E36CCA3-AD37-494E-BE6B-8E31FDE2FB81}.Debug|x86.Build.0 = Debug|Win32
		{8E36CCA3-AD37-494E-BE6B-8E31FDE2FB81}.Release|x64.ActiveCfg = Release|x64
		{8E36CCA3-AD37-494E-BE6B-8E31FDE2FB81}.Release|x64.Build.0 = Release|x64
		{8E36CCA3-AD37-494E-BE6B-8E31FDE2FB81}.Release|x86.ActiveCfg = Release|Win32
		{8E36CCA3-AD37-494E-BE6B-8E31FDE2FB81}.Release|x86.Build.0 = Release|Win32
	EndGlobalSection
	GlobalSection(SolutionProperties) = preSolution
		HideSolutionNode = FALSE
	EndGlobalSection
	GlobalSection(ExtensibilityGlobals) = postSolution
		SolutionGuid = {83CE05D2-CF3E-4657-9B73-738C7090438B}
	EndGlobalSection
EndGlobal
